
Microsoft Visual Studio Solution File, Format Version 12.00
# Visual Studio 15
VisualStudioVersion = 15.0.28010.2046
MinimumVisualStudioVersion = 10.0.40219.1
Project("{FAE04EC0-301F-11D3-BF4B-00C04F79EFBC}") = "GoodsAdding", "GoodsAdding\GoodsAdding.csproj", "{8C2D08EE-1DEF-4F75-B658-0691BC26B73B}"
EndProject
Project("{FAE04EC0-301F-11D3-BF4B-00C04F79EFBC}") = "DataLevel", "DataLevel\DataLevel.csproj", "{3D61EC65-5D4E-48A2-B732-C54FA0E9F457}"
EndProject
Project("{FAE04EC0-301F-11D3-BF4B-00C04F79EFBC}") = "BLL", "BLL\BLL.csproj", "{2BBFC140-BAB8-4E9B-B705-E936B433914B}"
EndProject
Global
	GlobalSection(SolutionConfigurationPlatforms) = preSolution
		Debug|Any CPU = Debug|Any CPU
		Release|Any CPU = Release|Any CPU
	EndGlobalSection
	GlobalSection(ProjectConfigurationPlatforms) = postSolution
		{8C2D08EE-1DEF-4F75-B658-0691BC26B73B}.Debug|Any CPU.ActiveCfg = Debug|Any CPU
		{8C2D08EE-1DEF-4F75-B658-0691BC26B73B}.Debug|Any CPU.Build.0 = Debug|Any CPU
		{8C2D08EE-1DEF-4F75-B658-0691BC26B73B}.Release|Any CPU.ActiveCfg = Release|Any CPU
		{8C2D08EE-1DEF-4F75-B658-0691BC26B73B}.Release|Any CPU.Build.0 = Release|Any CPU
		{3D61EC65-5D4E-48A2-B732-C54FA0E9F457}.Debug|Any CPU.ActiveCfg = Debug|Any CPU
		{3D61EC65-5D4E-48A2-B732-C54FA0E9F457}.Debug|Any CPU.Build.0 = Debug|Any CPU
		{3D61EC65-5D4E-48A2-B732-C54FA0E9F457}.Release|Any CPU.ActiveCfg = Release|Any CPU
		{3D61EC65-5D4E-48A2-B732-C54FA0E9F457}.Release|Any CPU.Build.0 = Release|Any CPU
		{2BBFC140-BAB8-4E9B-B705-E936B433914B}.Debug|Any CPU.ActiveCfg = Debug|Any CPU
		{2BBFC140-BAB8-4E9B-B705-E936B433914B}.Debug|Any CPU.Build.0 = Debug|Any CPU
		{2BBFC140-BAB8-4E9B-B705-E936B433914B}.Release|Any CPU.ActiveCfg = Release|Any CPU
		{2BBFC140-BAB8-4E9B-B705-E936B433914B}.Release|Any CPU.Build.0 = Release|Any CPU
	EndGlobalSection
	GlobalSection(SolutionProperties) = preSolution
		HideSolutionNode = FALSE
	EndGlobalSection
	GlobalSection(ExtensibilityGlobals) = postSolution
		SolutionGuid = {07F86153-9968-4439-8F40-12AAD1B95036}
	EndGlobalSection
EndGlobal
